github.com/davecgh/go-spew v1.1.0 h1:ZDRjVQ15GmhC3fiQ8ni8+OwkZQO4DARzQgrnXU1Liz8=
github.com/davecgh/go-spew v1.1.0/go.mod h1:J7Y8YcW2NihsgmVo/mv3lAwl/skON4iLHjSsI+c5H38=
github.com/hslam/buffer v0.0.0-20230217202846-e7b1b6ebf283 h1:HurKqAs9w/HX/Y+s/Ylt+64akEtYo1Kh2677c5v8628=
github.com/hslam/buffer v0.0.0-20230217202846-e7b1b6ebf283/go.mod h1:Gvbj40hnzR54zoUOuDZqDi7aziar8UlkHXk6NVYLg2U=
github.com/hslam/mmap v1.0.0 h1:GSp55lZrPDhctob3yE0SqESBjzgCn9cP4iu4Pmmm+gE=
github.com/hslam/mmap v1.0.0/go.mod h1:mtuj54WoaupC65QteY9RubXVPkQT86Q/Xj0WPzRefFw=
github.com/hslam/scheduler v0.0.0-20211028175315-641598104976 h1:7xDxY7ffYQjS+eM6/7zSvvxrGowxHIwGWHM+drPp/XA=
github.com/hslam/scheduler v0.0.0-20211028175315-641598104976/go.mod h1:5Lu1StnE7hhW2QwdImTNFLdzIUhAUjO7SlLco+H5h9A=
github.com/hslam/sendfile v1.0.2 h1:3M2RqkS6Z6ymvo999bQ96jYuaOD3fBPuyCkqGghLn5w=
github.com/hslam/sendfile v1.0.2/go.mod h1:IVInXNh7ccvv6fdFkcC3gRGCH7E+fRsTlyBnftCAk5A=
github.com/hslam/splice v1.0.3 h1:CwSmzu6AAm8sb2wYgSGvTwixy3seqA6xJ9NXQ0ff3j4=
github.com/hslam/splice v1.0.3/go.mod h1:7D1QlFptoG0ruXzcAwpzckKxUN4+ZpvrIhwfbcAQcx8=
github.com/oxtoacart/bpool v0.0.0-20190530202638-03653db5a59c h1:rp5dCmg/yLR3mgFuSOe4oEnDDmGLROTvMragMUXpTQw=
github.com/oxtoacart/bpool v0.0.0-20190530202638-03653db5a59c/go.mod h1:X07ZCGwUbLaax7L0S3Tw4hpejzu63ZrrQiUe6W0hcy0=
github.com/pmezard/go-difflib v1.0.0 h1:4DBwDE0NGyQoBHbLQYPwSUPoCMWR5BEzIk/f1lZbAQM=
github.com/pmezard/go-difflib v1.0.0/go.mod h1:iKH77koFhYxTK1pcRnkKkqfTogsbg7gZNVY4sRDYZ/4=
github.com/stretchr/objx v0.1.0/go.mod h1:HFkY916IF+rwdDfMAkV7OtwuqBVzrE8GR6GFx+wExME=
github.com/stretchr/testify v1.3.0 h1:TivCn/peBQ7UY8ooIcPgZFpTNSz0Q2U6UrFlUfqbe0Q=
github.com/stretchr/testify v1.3.0/go.mod h1:M5WIy9Dh21IEIfnGCwXGc5bZfKNJtfHm1UVUgZn+9EI=
